
Microsoft Visual Studio Solution File, Format Version 12.00
# Visual Studio Version 17
VisualStudioVersion = 17.7.34003.232
MinimumVisualStudioVersion = 10.0.40219.1
Project("{FAE04EC0-301F-11D3-BF4B-00C04F79EFBC}") = "EjerciciosBusqueda", "EjerciciosBusqueda.csproj", "{D7132118-E591-4097-ACF4-4023922F64D0}"
EndProject
Global
	GlobalSection(SolutionConfigurationPlatforms) = preSolution
		Debug|Any CPU = Debug|Any CPU
		Release|Any CPU = Release|Any CPU
	EndGlobalSection
	GlobalSection(ProjectConfigurationPlatforms) = postSolution
		{D7132118-E591-4097-ACF4-4023922F64D0}.Debug|Any CPU.ActiveCfg = Debug|Any CPU
		{D7132118-E591-4097-ACF4-4023922F64D0}.Debug|Any CPU.Build.0 = Debug|Any CPU
		{D7132118-E591-4097-ACF4-4023922F64D0}.Release|Any CPU.ActiveCfg = Release|Any CPU
		{D7132118-E591-4097-ACF4-4023922F64D0}.Release|Any CPU.Build.0 = Release|Any CPU
	EndGlobalSection
	GlobalSection(SolutionProperties) = preSolution
		HideSolutionNode = FALSE
	EndGlobalSection
	GlobalSection(ExtensibilityGlobals) = postSolution
		SolutionGuid = {59552150-ECC0-42E6-BFCB-EC1EA7C0ECC1}
	EndGlobalSection
EndGlobal
